
Microsoft Visual Studio Solution File, Format Version 12.00
# Visual Studio Version 17
VisualStudioVersion = 17.0.32014.148
MinimumVisualStudioVersion = 10.0.40219.1
Project("{FAE04EC0-301F-11D3-BF4B-00C04F79EFBC}") = "006_AdaperUpdates", "006_AdaperUpdates.csproj", "{8B45A2EC-E0A9-4594-B3F4-3D47A73D665F}"
EndProject
Global
	GlobalSection(SolutionConfigurationPlatforms) = preSolution
		Debug|Any CPU = Debug|Any CPU
		Release|Any CPU = Release|Any CPU
	EndGlobalSection
	GlobalSection(ProjectConfigurationPlatforms) = postSolution
		{8B45A2EC-E0A9-4594-B3F4-3D47A73D665F}.Debug|Any CPU.ActiveCfg = Debug|Any CPU
		{8B45A2EC-E0A9-4594-B3F4-3D47A73D665F}.Debug|Any CPU.Build.0 = Debug|Any CPU
		{8B45A2EC-E0A9-4594-B3F4-3D47A73D665F}.Release|Any CPU.ActiveCfg = Release|Any CPU
		{8B45A2EC-E0A9-4594-B3F4-3D47A73D665F}.Release|Any CPU.Build.0 = Release|Any CPU
	EndGlobalSection
	GlobalSection(SolutionProperties) = preSolution
		HideSolutionNode = FALSE
	EndGlobalSection
	GlobalSection(ExtensibilityGlobals) = postSolution
		SolutionGuid = {C0DF59A7-33A2-472F-9F50-DE83F8E92C50}
	EndGlobalSection
EndGlobal
